<Solution>
  <Project Path="../../../../../../OneDrive/Desktop/Repositorios/ProyectosUFHEC/ActividadPractica/ActividadPractica/ActividadPractica.csproj" Id="6b3c0292-b18b-4b88-8177-f3a0c0300739" />
  <Project Path="../../../../../../OneDrive/Desktop/Repositorios/ProyectosUFHEC/ActividadPractica/Calculadora WindowsForms/Calculadora WindowsForms.csproj" Id="668896e2-d059-47d5-9038-b5cfddb9f9ac" />
  <Project Path="../../../../../../OneDrive/Desktop/Repositorios/ProyectosUFHEC/ActividadPractica/Practica 1 . 14/Practica 1 . 14.csproj" Id="d96ac097-62dd-49e8-a1e5-2e4dc4188cdb" />
  <Project Path="../../../../../../OneDrive/Desktop/Repositorios/ProyectosUFHEC/ActividadPractica/Practica1 . 05/Practica1 . 05.csproj" Id="dda68b65-fa33-402e-80fa-b289cf3c8208" />
  <Project Path="../../../../../../OneDrive/Desktop/Repositorios/ProyectosUFHEC/ActividadPractica/Practica1 . 10/Practica1 . 10.csproj" Id="759f8554-68f3-4615-b666-875696eeb169" />
  <Project Path="../../../../../../OneDrive/Desktop/Repositorios/ProyectosUFHEC/ActividadPractica/Practica1 . 11/Practica1 . 11.csproj" Id="bb8131c3-e99b-4013-9db0-fbb25a462766" />
  <Project Path="../../../../../../OneDrive/Desktop/Repositorios/ProyectosUFHEC/ActividadPractica/Practica1 . 12/Practica1 . 12.csproj" Id="5944d2ee-2e1f-4fc6-bb70-46ebf13b4a18" />
  <Project Path="../../../../../../OneDrive/Desktop/Repositorios/ProyectosUFHEC/ActividadPractica/Practica1 . 13/Practica1 . 13.csproj" Id="26e6d36a-89e2-400a-90f8-f79a302d36e7" />
  <Project Path="../../../../../../OneDrive/Desktop/Repositorios/ProyectosUFHEC/ActividadPractica/Practica1 . 15/Practica1 . 15.csproj" Id="3df6dc3a-777d-4495-aa45-93b80ed966d0" />
  <Project Path="../../../../../../OneDrive/Desktop/Repositorios/ProyectosUFHEC/ActividadPractica/Practica1 . 5/Practica1 . 4.csproj" />
  <Project Path="../../../../../../OneDrive/Desktop/Repositorios/ProyectosUFHEC/ActividadPractica/Practica1 . 6/Practica1 . 6.csproj" Id="4dcf262a-5444-4b46-a45e-0d33371cd845" />
  <Project Path="../../../../../../OneDrive/Desktop/Repositorios/ProyectosUFHEC/ActividadPractica/Practica1 . 7/Practica1 . 7.csproj" Id="9ee2354f-a72e-4acc-b69f-813d6b3b0146" />
  <Project Path="../../../../../../OneDrive/Desktop/Repositorios/ProyectosUFHEC/ActividadPractica/Practica1 . 8/Practica1 . 8.csproj" Id="97573263-b594-4b7c-8469-1e376b9960ca" />
  <Project Path="../../../../../../OneDrive/Desktop/Repositorios/ProyectosUFHEC/ActividadPractica/Practica1 . 9/Practica1 . 9.csproj" Id="e95e74c0-5ed0-4396-84a1-e4ed9f35e8cd" />
</Solution>
